Microsoft Visual Studio Solution File, Format Version 12.00
# Visual Studio Version 16
VisualStudioVersion = 16.0.28531.58
MinimumVisualStudioVersion = 10.0.40219.1
Project("{FAE04EC0-301F-11D3-BF4B-00C04F79EFBC}") = "Xamarin.Usabilla.Android", "Xamarin.Usabilla.Android\Xamarin.Usabilla.Android.csproj", "{2174A629-407A-4C77-A88D-A7F3C71E1064}"
EndProject
Project("{FAE04EC0-301F-11D3-BF4B-00C04F79EFBC}") = "TestingBindings", "TestingBindings\TestingBindings.csproj", "{D4ADC2F1-E9F6-4DF6-BFF2-9C15F8EC2127}"
EndProject
Project("{FAE04EC0-301F-11D3-BF4B-00C04F79EFBC}") = "SampleUsing", "SampleUsing\SampleUsing.csproj", "{0ECCA9F3-FB3D-443D-9731-DEFB13C74A60}"
EndProject
Project("{2150E333-8FDC-42A3-9474-1A3956D46DE8}") = "Usabilla_iOS", "Usabilla_iOS", "{E91C4E60-FE85-49C4-BC7D-91D70432B894}"
EndProject
Project("{2150E333-8FDC-42A3-9474-1A3956D46DE8}") = "Usabilla_Android", "Usabilla_Android", "{A8F3ED82-3EA2-4E6F-B6EB-AEE99BBFECDD}"
EndProject
Project("{9344BDBB-3E7F-41FC-A0DD-8665D75EE146}") = "XamarinBindingLibrary", "XamarinBindingLibrary\XamarinBindingLibrary.csproj", "{C5511985-FF98-462E-B418-5153FC2B8EEA}"
EndProject
Global
	GlobalSection(SolutionConfigurationPlatforms) = preSolution
		Debug|Any CPU = Debug|Any CPU
		Debug|iPhone = Debug|iPhone
		Debug|iPhoneSimulator = Debug|iPhoneSimulator
		Release|Any CPU = Release|Any CPU
		Release|iPhone = Release|iPhone
		Release|iPhoneSimulator = Release|iPhoneSimulator
	EndGlobalSection
	GlobalSection(ProjectConfigurationPlatforms) = postSolution
		{2174A629-407A-4C77-A88D-A7F3C71E1064}.Debug|Any CPU.ActiveCfg = Debug|Any CPU
		{2174A629-407A-4C77-A88D-A7F3C71E1064}.Debug|Any CPU.Build.0 = Debug|Any CPU
		{2174A629-407A-4C77-A88D-A7F3C71E1064}.Debug|iPhone.ActiveCfg = Debug|Any CPU
		{2174A629-407A-4C77-A88D-A7F3C71E1064}.Debug|iPhone.Build.0 = Debug|Any CPU
		{2174A629-407A-4C77-A88D-A7F3C71E1064}.Debug|iPhoneSimulator.ActiveCfg = Debug|Any CPU
		{2174A629-407A-4C77-A88D-A7F3C71E1064}.Debug|iPhoneSimulator.Build.0 = Debug|Any CPU
		{2174A629-407A-4C77-A88D-A7F3C71E1064}.Release|Any CPU.ActiveCfg = Release|Any CPU
		{2174A629-407A-4C77-A88D-A7F3C71E1064}.Release|Any CPU.Build.0 = Release|Any CPU
		{2174A629-407A-4C77-A88D-A7F3C71E1064}.Release|iPhone.ActiveCfg = Release|Any CPU
		{2174A629-407A-4C77-A88D-A7F3C71E1064}.Release|iPhone.Build.0 = Release|Any CPU
		{2174A629-407A-4C77-A88D-A7F3C71E1064}.Release|iPhoneSimulator.ActiveCfg = Release|Any CPU
		{2174A629-407A-4C77-A88D-A7F3C71E1064}.Release|iPhoneSimulator.Build.0 = Release|Any CPU
		{D4ADC2F1-E9F6-4DF6-BFF2-9C15F8EC2127}.Debug|Any CPU.ActiveCfg = Debug|Any CPU
		{D4ADC2F1-E9F6-4DF6-BFF2-9C15F8EC2127}.Debug|Any CPU.Build.0 = Debug|Any CPU
		{D4ADC2F1-E9F6-4DF6-BFF2-9C15F8EC2127}.Debug|Any CPU.Deploy.0 = Debug|Any CPU
		{D4ADC2F1-E9F6-4DF6-BFF2-9C15F8EC2127}.Debug|iPhone.ActiveCfg = Debug|Any CPU
		{D4ADC2F1-E9F6-4DF6-BFF2-9C15F8EC2127}.Debug|iPhone.Build.0 = Debug|Any CPU
		{D4ADC2F1-E9F6-4DF6-BFF2-9C15F8EC2127}.Debug|iPhoneSimulator.ActiveCfg = Debug|Any CPU
		{D4ADC2F1-E9F6-4DF6-BFF2-9C15F8EC2127}.Debug|iPhoneSimulator.Build.0 = Debug|Any CPU
		{D4ADC2F1-E9F6-4DF6-BFF2-9C15F8EC2127}.Release|Any CPU.ActiveCfg = Release|Any CPU
		{D4ADC2F1-E9F6-4DF6-BFF2-9C15F8EC2127}.Release|Any CPU.Build.0 = Release|Any CPU
		{D4ADC2F1-E9F6-4DF6-BFF2-9C15F8EC2127}.Release|Any CPU.Deploy.0 = Release|Any CPU
		{D4ADC2F1-E9F6-4DF6-BFF2-9C15F8EC2127}.Release|iPhone.ActiveCfg = Release|Any CPU
		{D4ADC2F1-E9F6-4DF6-BFF2-9C15F8EC2127}.Release|iPhone.Build.0 = Release|Any CPU
		{D4ADC2F1-E9F6-4DF6-BFF2-9C15F8EC2127}.Release|iPhoneSimulator.ActiveCfg = Release|Any CPU
		{D4ADC2F1-E9F6-4DF6-BFF2-9C15F8EC2127}.Release|iPhoneSimulator.Build.0 = Release|Any CPU
		{0ECCA9F3-FB3D-443D-9731-DEFB13C74A60}.Debug|Any CPU.ActiveCfg = Debug|iPhoneSimulator
		{0ECCA9F3-FB3D-443D-9731-DEFB13C74A60}.Debug|Any CPU.Build.0 = Debug|iPhoneSimulator
		{0ECCA9F3-FB3D-443D-9731-DEFB13C74A60}.Debug|iPhone.ActiveCfg = Debug|iPhone
		{0ECCA9F3-FB3D-443D-9731-DEFB13C74A60}.Debug|iPhone.Build.0 = Debug|iPhone
		{0ECCA9F3-FB3D-443D-9731-DEFB13C74A60}.Debug|iPhoneSimulator.ActiveCfg = Debug|iPhoneSimulator
		{0ECCA9F3-FB3D-443D-9731-DEFB13C74A60}.Debug|iPhoneSimulator.Build.0 = Debug|iPhoneSimulator
		{0ECCA9F3-FB3D-443D-9731-DEFB13C74A60}.Release|Any CPU.ActiveCfg = Debug|iPhoneSimulator
		{0ECCA9F3-FB3D-443D-9731-DEFB13C74A60}.Release|Any CPU.Build.0 = Debug|iPhoneSimulator
		{0ECCA9F3-FB3D-443D-9731-DEFB13C74A60}.Release|iPhone.ActiveCfg = Release|iPhone
		{0ECCA9F3-FB3D-443D-9731-DEFB13C74A60}.Release|iPhone.Build.0 = Release|iPhone
		{0ECCA9F3-FB3D-443D-9731-DEFB13C74A60}.Release|iPhoneSimulator.ActiveCfg = Release|iPhoneSimulator
		{0ECCA9F3-FB3D-443D-9731-DEFB13C74A60}.Release|iPhoneSimulator.Build.0 = Release|iPhoneSimulator
		{C5511985-FF98-462E-B418-5153FC2B8EEA}.Debug|Any CPU.ActiveCfg = Debug|Any CPU
		{C5511985-FF98-462E-B418-5153FC2B8EEA}.Debug|Any CPU.Build.0 = Debug|Any CPU
		{C5511985-FF98-462E-B418-5153FC2B8EEA}.Debug|iPhone.ActiveCfg = Debug|Any CPU
		{C5511985-FF98-462E-B418-5153FC2B8EEA}.Debug|iPhone.Build.0 = Debug|Any CPU
		{C5511985-FF98-462E-B418-5153FC2B8EEA}.Debug|iPhoneSimulator.ActiveCfg = Debug|Any CPU
		{C5511985-FF98-462E-B418-5153FC2B8EEA}.Debug|iPhoneSimulator.Build.0 = Debug|Any CPU
		{C5511985-FF98-462E-B418-5153FC2B8EEA}.Release|Any CPU.ActiveCfg = Release|Any CPU
		{C5511985-FF98-462E-B418-5153FC2B8EEA}.Release|Any CPU.Build.0 = Release|Any CPU
		{C5511985-FF98-462E-B418-5153FC2B8EEA}.Release|iPhone.ActiveCfg = Release|Any CPU
		{C5511985-FF98-462E-B418-5153FC2B8EEA}.Release|iPhone.Build.0 = Release|Any CPU
		{C5511985-FF98-462E-B418-5153FC2B8EEA}.Release|iPhoneSimulator.ActiveCfg = Release|Any CPU
		{C5511985-FF98-462E-B418-5153FC2B8EEA}.Release|iPhoneSimulator.Build.0 = Release|Any CPU
	EndGlobalSection
	GlobalSection(SolutionProperties) = preSolution
		HideSolutionNode = FALSE
	EndGlobalSection
	GlobalSection(NestedProjects) = preSolution
		{2174A629-407A-4C77-A88D-A7F3C71E1064} = {A8F3ED82-3EA2-4E6F-B6EB-AEE99BBFECDD}
		{D4ADC2F1-E9F6-4DF6-BFF2-9C15F8EC2127} = {A8F3ED82-3EA2-4E6F-B6EB-AEE99BBFECDD}
		{0ECCA9F3-FB3D-443D-9731-DEFB13C74A60} = {E91C4E60-FE85-49C4-BC7D-91D70432B894}
		{C5511985-FF98-462E-B418-5153FC2B8EEA} = {E91C4E60-FE85-49C4-BC7D-91D70432B894}
	EndGlobalSection
	GlobalSection(ExtensibilityGlobals) = postSolution
		SolutionGuid = {2C00BDEA-A81E-4B17-B057-F8F9A9F45377}
	EndGlobalSection
EndGlobal
