
Microsoft Visual Studio Solution File, Format Version 12.00
# Visual Studio 2012
Project("{FAE04EC0-301F-11D3-BF4B-00C04F79EFBC}") = "Xamarin.Usabilla.Android", "Xamarin.Usabilla.Android\Xamarin.Usabilla.Android.csproj", "{2174A629-407A-4C77-A88D-A7F3C71E1064}"
EndProject
Project("{9344BDBB-3E7F-41FC-A0DD-8665D75EE146}") = "XamarinBindingLibrary", "XamarinBindingLibrary\XamarinBindingLibrary.csproj", "{5485D91F-6BD7-4C74-A843-733453B7447D}"
EndProject
Project("{FAE04EC0-301F-11D3-BF4B-00C04F79EFBC}") = "TestingBindings", "TestingBindings\TestingBindings.csproj", "{D4ADC2F1-E9F6-4DF6-BFF2-9C15F8EC2127}"
EndProject
Project("{FAE04EC0-301F-11D3-BF4B-00C04F79EFBC}") = "SampleUsing", "SampleUsing\SampleUsing.csproj", "{0ECCA9F3-FB3D-443D-9731-DEFB13C74A60}"
EndProject
Global
	GlobalSection(SolutionConfigurationPlatforms) = preSolution
		Debug|Any CPU = Debug|Any CPU
		Release|Any CPU = Release|Any CPU
		Debug|iPhoneSimulator = Debug|iPhoneSimulator
		Release|iPhone = Release|iPhone
		Release|iPhoneSimulator = Release|iPhoneSimulator
		Debug|iPhone = Debug|iPhone
	EndGlobalSection
	GlobalSection(ProjectConfigurationPlatforms) = postSolution
		{2174A629-407A-4C77-A88D-A7F3C71E1064}.Debug|Any CPU.ActiveCfg = Debug|Any CPU
		{2174A629-407A-4C77-A88D-A7F3C71E1064}.Debug|Any CPU.Build.0 = Debug|Any CPU
		{2174A629-407A-4C77-A88D-A7F3C71E1064}.Release|Any CPU.ActiveCfg = Release|Any CPU
		{2174A629-407A-4C77-A88D-A7F3C71E1064}.Release|Any CPU.Build.0 = Release|Any CPU
		{2174A629-407A-4C77-A88D-A7F3C71E1064}.Debug|iPhoneSimulator.ActiveCfg = Debug|Any CPU
		{2174A629-407A-4C77-A88D-A7F3C71E1064}.Debug|iPhoneSimulator.Build.0 = Debug|Any CPU
		{2174A629-407A-4C77-A88D-A7F3C71E1064}.Release|iPhone.ActiveCfg = Release|Any CPU
		{2174A629-407A-4C77-A88D-A7F3C71E1064}.Release|iPhone.Build.0 = Release|Any CPU
		{2174A629-407A-4C77-A88D-A7F3C71E1064}.Release|iPhoneSimulator.ActiveCfg = Release|Any CPU
		{2174A629-407A-4C77-A88D-A7F3C71E1064}.Release|iPhoneSimulator.Build.0 = Release|Any CPU
		{2174A629-407A-4C77-A88D-A7F3C71E1064}.Debug|iPhone.ActiveCfg = Debug|Any CPU
		{2174A629-407A-4C77-A88D-A7F3C71E1064}.Debug|iPhone.Build.0 = Debug|Any CPU
		{5485D91F-6BD7-4C74-A843-733453B7447D}.Debug|Any CPU.ActiveCfg = Debug|Any CPU
		{5485D91F-6BD7-4C74-A843-733453B7447D}.Debug|Any CPU.Build.0 = Debug|Any CPU
		{5485D91F-6BD7-4C74-A843-733453B7447D}.Release|Any CPU.ActiveCfg = Release|Any CPU
		{5485D91F-6BD7-4C74-A843-733453B7447D}.Release|Any CPU.Build.0 = Release|Any CPU
		{5485D91F-6BD7-4C74-A843-733453B7447D}.Debug|iPhoneSimulator.ActiveCfg = Debug|Any CPU
		{5485D91F-6BD7-4C74-A843-733453B7447D}.Debug|iPhoneSimulator.Build.0 = Debug|Any CPU
		{5485D91F-6BD7-4C74-A843-733453B7447D}.Release|iPhone.ActiveCfg = Release|Any CPU
		{5485D91F-6BD7-4C74-A843-733453B7447D}.Release|iPhone.Build.0 = Release|Any CPU
		{5485D91F-6BD7-4C74-A843-733453B7447D}.Release|iPhoneSimulator.ActiveCfg = Release|Any CPU
		{5485D91F-6BD7-4C74-A843-733453B7447D}.Release|iPhoneSimulator.Build.0 = Release|Any CPU
		{5485D91F-6BD7-4C74-A843-733453B7447D}.Debug|iPhone.ActiveCfg = Debug|Any CPU
		{5485D91F-6BD7-4C74-A843-733453B7447D}.Debug|iPhone.Build.0 = Debug|Any CPU
		{D4ADC2F1-E9F6-4DF6-BFF2-9C15F8EC2127}.Debug|Any CPU.ActiveCfg = Debug|Any CPU
		{D4ADC2F1-E9F6-4DF6-BFF2-9C15F8EC2127}.Debug|Any CPU.Build.0 = Debug|Any CPU
		{D4ADC2F1-E9F6-4DF6-BFF2-9C15F8EC2127}.Release|Any CPU.ActiveCfg = Release|Any CPU
		{D4ADC2F1-E9F6-4DF6-BFF2-9C15F8EC2127}.Release|Any CPU.Build.0 = Release|Any CPU
		{D4ADC2F1-E9F6-4DF6-BFF2-9C15F8EC2127}.Debug|iPhoneSimulator.ActiveCfg = Debug|Any CPU
		{D4ADC2F1-E9F6-4DF6-BFF2-9C15F8EC2127}.Debug|iPhoneSimulator.Build.0 = Debug|Any CPU
		{D4ADC2F1-E9F6-4DF6-BFF2-9C15F8EC2127}.Release|iPhone.ActiveCfg = Release|Any CPU
		{D4ADC2F1-E9F6-4DF6-BFF2-9C15F8EC2127}.Release|iPhone.Build.0 = Release|Any CPU
		{D4ADC2F1-E9F6-4DF6-BFF2-9C15F8EC2127}.Release|iPhoneSimulator.ActiveCfg = Release|Any CPU
		{D4ADC2F1-E9F6-4DF6-BFF2-9C15F8EC2127}.Release|iPhoneSimulator.Build.0 = Release|Any CPU
		{D4ADC2F1-E9F6-4DF6-BFF2-9C15F8EC2127}.Debug|iPhone.ActiveCfg = Debug|Any CPU
		{D4ADC2F1-E9F6-4DF6-BFF2-9C15F8EC2127}.Debug|iPhone.Build.0 = Debug|Any CPU
		{0ECCA9F3-FB3D-443D-9731-DEFB13C74A60}.Debug|Any CPU.ActiveCfg = Debug|iPhoneSimulator
		{0ECCA9F3-FB3D-443D-9731-DEFB13C74A60}.Debug|Any CPU.Build.0 = Debug|iPhoneSimulator
		{0ECCA9F3-FB3D-443D-9731-DEFB13C74A60}.Release|Any CPU.ActiveCfg = Debug|iPhoneSimulator
		{0ECCA9F3-FB3D-443D-9731-DEFB13C74A60}.Release|Any CPU.Build.0 = Debug|iPhoneSimulator
		{0ECCA9F3-FB3D-443D-9731-DEFB13C74A60}.Debug|iPhoneSimulator.ActiveCfg = Debug|iPhoneSimulator
		{0ECCA9F3-FB3D-443D-9731-DEFB13C74A60}.Debug|iPhoneSimulator.Build.0 = Debug|iPhoneSimulator
		{0ECCA9F3-FB3D-443D-9731-DEFB13C74A60}.Release|iPhone.ActiveCfg = Release|iPhone
		{0ECCA9F3-FB3D-443D-9731-DEFB13C74A60}.Release|iPhone.Build.0 = Release|iPhone
		{0ECCA9F3-FB3D-443D-9731-DEFB13C74A60}.Release|iPhoneSimulator.ActiveCfg = Release|iPhoneSimulator
		{0ECCA9F3-FB3D-443D-9731-DEFB13C74A60}.Release|iPhoneSimulator.Build.0 = Release|iPhoneSimulator
		{0ECCA9F3-FB3D-443D-9731-DEFB13C74A60}.Debug|iPhone.ActiveCfg = Debug|iPhone
		{0ECCA9F3-FB3D-443D-9731-DEFB13C74A60}.Debug|iPhone.Build.0 = Debug|iPhone
	EndGlobalSection
EndGlobal
