Microsoft Visual Studio Solution File, Format Version 12.00
# Visual Studio Version 16
VisualStudioVersion = 16.0.28531.58
MinimumVisualStudioVersion = 10.0.40219.1
Project("{FAE04EC0-301F-11D3-BF4B-00C04F79EFBC}") = "Xamarin.Usabilla.Android.Bindings", "Xamarin.Usabilla.Android\Xamarin.Usabilla.Android.Bindings.csproj", "{2174A629-407A-4C77-A88D-A7F3C71E1064}"
EndProject
Project("{2150E333-8FDC-42A3-9474-1A3956D46DE8}") = "Usabilla_iOS", "Usabilla_iOS", "{E91C4E60-FE85-49C4-BC7D-91D70432B894}"
EndProject
Project("{2150E333-8FDC-42A3-9474-1A3956D46DE8}") = "Usabilla_Android", "Usabilla_Android", "{A8F3ED82-3EA2-4E6F-B6EB-AEE99BBFECDD}"
EndProject
Project("{FAE04EC0-301F-11D3-BF4B-00C04F79EFBC}") = "Xamarin.Usabilla.iOS", "Xamarin.Usabilla.iOS\Xamarin.Usabilla.iOS.csproj", "{14272049-301D-4FAC-AA73-1D7B53957AFA}"
EndProject
Project("{2150E333-8FDC-42A3-9474-1A3956D46DE8}") = "Usabilla_PCL", "Usabilla_PCL", "{C4F45A78-86D2-44F6-A375-71DA0099D612}"
EndProject
Project("{FAE04EC0-301F-11D3-BF4B-00C04F79EFBC}") = "Xamarin.Usabilla.PCL", "Xamarin.Usabilla.PCL\Xamarin.Usabilla.PCL.csproj", "{42DE57C7-30A6-4A47-B8F0-A756F9D027F3}"
EndProject
Project("{2150E333-8FDC-42A3-9474-1A3956D46DE8}") = "Usabilla_Sample", "Usabilla_Sample", "{F7194FFD-5FAC-473D-9DAE-E68397F07732}"
EndProject
Project("{FAE04EC0-301F-11D3-BF4B-00C04F79EFBC}") = "Xamarin.Usabilla.Sample.Android", "Xamarin.Usabilla.Sample.Android\Xamarin.Usabilla.Sample.Android.csproj", "{7CC99B38-F36C-41C5-9DB2-75CCE8B14EB0}"
EndProject
Project("{FAE04EC0-301F-11D3-BF4B-00C04F79EFBC}") = "Xamarin.Usabilla.Sample.iOS", "Xamarin.Usabilla.Sample.iOS\Xamarin.Usabilla.Sample.iOS.csproj", "{505ACA87-B72A-4CF2-907F-E46EAF6A1C47}"
EndProject
Project("{FAE04EC0-301F-11D3-BF4B-00C04F79EFBC}") = "Xamarin.Usabilla.Sample", "Xamarin.Usabilla.Sample\Xamarin.Usabilla.Sample.csproj", "{AC100708-81FC-44FC-A86C-EA2DA1422C82}"
EndProject
Project("{FAE04EC0-301F-11D3-BF4B-00C04F79EFBC}") = "Xamarin.Usabilla.Android", "Xamarin.Usabilla.Android\Xamarin.Usabilla.Android\Xamarin.Usabilla.Android.csproj", "{0FC73D29-12A1-4633-9FD4-546B3632BF5A}"
EndProject
Project("{FAE04EC0-301F-11D3-BF4B-00C04F79EFBC}") = "Xamarin.Usabilla", "Xamarin.Usabilla.PCL\Xamarin.Usabilla\Xamarin.Usabilla.csproj", "{10A71C6E-628A-4B4D-8334-4210C43C2B4D}"
EndProject
Global
	GlobalSection(SolutionConfigurationPlatforms) = preSolution
		Debug|Any CPU = Debug|Any CPU
		Debug|iPhone = Debug|iPhone
		Debug|iPhoneSimulator = Debug|iPhoneSimulator
		Release|Any CPU = Release|Any CPU
		Release|iPhone = Release|iPhone
		Release|iPhoneSimulator = Release|iPhoneSimulator
	EndGlobalSection
	GlobalSection(ProjectConfigurationPlatforms) = postSolution
		{2174A629-407A-4C77-A88D-A7F3C71E1064}.Debug|Any CPU.ActiveCfg = Debug|Any CPU
		{2174A629-407A-4C77-A88D-A7F3C71E1064}.Debug|Any CPU.Build.0 = Debug|Any CPU
		{2174A629-407A-4C77-A88D-A7F3C71E1064}.Debug|iPhone.ActiveCfg = Debug|Any CPU
		{2174A629-407A-4C77-A88D-A7F3C71E1064}.Debug|iPhone.Build.0 = Debug|Any CPU
		{2174A629-407A-4C77-A88D-A7F3C71E1064}.Debug|iPhoneSimulator.ActiveCfg = Debug|Any CPU
		{2174A629-407A-4C77-A88D-A7F3C71E1064}.Debug|iPhoneSimulator.Build.0 = Debug|Any CPU
		{2174A629-407A-4C77-A88D-A7F3C71E1064}.Release|Any CPU.ActiveCfg = Release|Any CPU
		{2174A629-407A-4C77-A88D-A7F3C71E1064}.Release|Any CPU.Build.0 = Release|Any CPU
		{2174A629-407A-4C77-A88D-A7F3C71E1064}.Release|iPhone.ActiveCfg = Release|Any CPU
		{2174A629-407A-4C77-A88D-A7F3C71E1064}.Release|iPhone.Build.0 = Release|Any CPU
		{2174A629-407A-4C77-A88D-A7F3C71E1064}.Release|iPhoneSimulator.ActiveCfg = Release|Any CPU
		{2174A629-407A-4C77-A88D-A7F3C71E1064}.Release|iPhoneSimulator.Build.0 = Release|Any CPU
		{14272049-301D-4FAC-AA73-1D7B53957AFA}.Debug|Any CPU.ActiveCfg = Debug|Any CPU
		{14272049-301D-4FAC-AA73-1D7B53957AFA}.Debug|Any CPU.Build.0 = Debug|Any CPU
		{14272049-301D-4FAC-AA73-1D7B53957AFA}.Debug|iPhone.ActiveCfg = Debug|Any CPU
		{14272049-301D-4FAC-AA73-1D7B53957AFA}.Debug|iPhone.Build.0 = Debug|Any CPU
		{14272049-301D-4FAC-AA73-1D7B53957AFA}.Debug|iPhoneSimulator.ActiveCfg = Debug|Any CPU
		{14272049-301D-4FAC-AA73-1D7B53957AFA}.Debug|iPhoneSimulator.Build.0 = Debug|Any CPU
		{14272049-301D-4FAC-AA73-1D7B53957AFA}.Release|Any CPU.ActiveCfg = Release|Any CPU
		{14272049-301D-4FAC-AA73-1D7B53957AFA}.Release|Any CPU.Build.0 = Release|Any CPU
		{14272049-301D-4FAC-AA73-1D7B53957AFA}.Release|iPhone.ActiveCfg = Release|Any CPU
		{14272049-301D-4FAC-AA73-1D7B53957AFA}.Release|iPhone.Build.0 = Release|Any CPU
		{14272049-301D-4FAC-AA73-1D7B53957AFA}.Release|iPhoneSimulator.ActiveCfg = Release|Any CPU
		{14272049-301D-4FAC-AA73-1D7B53957AFA}.Release|iPhoneSimulator.Build.0 = Release|Any CPU
		{42DE57C7-30A6-4A47-B8F0-A756F9D027F3}.Debug|Any CPU.ActiveCfg = Debug|Any CPU
		{42DE57C7-30A6-4A47-B8F0-A756F9D027F3}.Debug|Any CPU.Build.0 = Debug|Any CPU
		{42DE57C7-30A6-4A47-B8F0-A756F9D027F3}.Debug|iPhone.ActiveCfg = Debug|Any CPU
		{42DE57C7-30A6-4A47-B8F0-A756F9D027F3}.Debug|iPhone.Build.0 = Debug|Any CPU
		{42DE57C7-30A6-4A47-B8F0-A756F9D027F3}.Debug|iPhoneSimulator.ActiveCfg = Debug|Any CPU
		{42DE57C7-30A6-4A47-B8F0-A756F9D027F3}.Debug|iPhoneSimulator.Build.0 = Debug|Any CPU
		{42DE57C7-30A6-4A47-B8F0-A756F9D027F3}.Release|Any CPU.ActiveCfg = Release|Any CPU
		{42DE57C7-30A6-4A47-B8F0-A756F9D027F3}.Release|Any CPU.Build.0 = Release|Any CPU
		{42DE57C7-30A6-4A47-B8F0-A756F9D027F3}.Release|iPhone.ActiveCfg = Release|Any CPU
		{42DE57C7-30A6-4A47-B8F0-A756F9D027F3}.Release|iPhone.Build.0 = Release|Any CPU
		{42DE57C7-30A6-4A47-B8F0-A756F9D027F3}.Release|iPhoneSimulator.ActiveCfg = Release|Any CPU
		{42DE57C7-30A6-4A47-B8F0-A756F9D027F3}.Release|iPhoneSimulator.Build.0 = Release|Any CPU
		{7CC99B38-F36C-41C5-9DB2-75CCE8B14EB0}.Debug|Any CPU.ActiveCfg = Debug|Any CPU
		{7CC99B38-F36C-41C5-9DB2-75CCE8B14EB0}.Debug|Any CPU.Build.0 = Debug|Any CPU
		{7CC99B38-F36C-41C5-9DB2-75CCE8B14EB0}.Debug|iPhone.ActiveCfg = Debug|Any CPU
		{7CC99B38-F36C-41C5-9DB2-75CCE8B14EB0}.Debug|iPhone.Build.0 = Debug|Any CPU
		{7CC99B38-F36C-41C5-9DB2-75CCE8B14EB0}.Debug|iPhoneSimulator.ActiveCfg = Debug|Any CPU
		{7CC99B38-F36C-41C5-9DB2-75CCE8B14EB0}.Debug|iPhoneSimulator.Build.0 = Debug|Any CPU
		{7CC99B38-F36C-41C5-9DB2-75CCE8B14EB0}.Release|Any CPU.ActiveCfg = Release|Any CPU
		{7CC99B38-F36C-41C5-9DB2-75CCE8B14EB0}.Release|Any CPU.Build.0 = Release|Any CPU
		{7CC99B38-F36C-41C5-9DB2-75CCE8B14EB0}.Release|iPhone.ActiveCfg = Release|Any CPU
		{7CC99B38-F36C-41C5-9DB2-75CCE8B14EB0}.Release|iPhone.Build.0 = Release|Any CPU
		{7CC99B38-F36C-41C5-9DB2-75CCE8B14EB0}.Release|iPhoneSimulator.ActiveCfg = Release|Any CPU
		{7CC99B38-F36C-41C5-9DB2-75CCE8B14EB0}.Release|iPhoneSimulator.Build.0 = Release|Any CPU
		{505ACA87-B72A-4CF2-907F-E46EAF6A1C47}.Debug|Any CPU.ActiveCfg = Debug|iPhoneSimulator
		{505ACA87-B72A-4CF2-907F-E46EAF6A1C47}.Debug|Any CPU.Build.0 = Debug|iPhoneSimulator
		{505ACA87-B72A-4CF2-907F-E46EAF6A1C47}.Debug|iPhone.ActiveCfg = Debug|iPhone
		{505ACA87-B72A-4CF2-907F-E46EAF6A1C47}.Debug|iPhone.Build.0 = Debug|iPhone
		{505ACA87-B72A-4CF2-907F-E46EAF6A1C47}.Debug|iPhoneSimulator.ActiveCfg = Debug|iPhoneSimulator
		{505ACA87-B72A-4CF2-907F-E46EAF6A1C47}.Debug|iPhoneSimulator.Build.0 = Debug|iPhoneSimulator
		{505ACA87-B72A-4CF2-907F-E46EAF6A1C47}.Release|Any CPU.ActiveCfg = Release|iPhoneSimulator
		{505ACA87-B72A-4CF2-907F-E46EAF6A1C47}.Release|Any CPU.Build.0 = Release|iPhoneSimulator
		{505ACA87-B72A-4CF2-907F-E46EAF6A1C47}.Release|iPhone.ActiveCfg = Release|iPhone
		{505ACA87-B72A-4CF2-907F-E46EAF6A1C47}.Release|iPhone.Build.0 = Release|iPhone
		{505ACA87-B72A-4CF2-907F-E46EAF6A1C47}.Release|iPhoneSimulator.ActiveCfg = Release|iPhoneSimulator
		{505ACA87-B72A-4CF2-907F-E46EAF6A1C47}.Release|iPhoneSimulator.Build.0 = Release|iPhoneSimulator
		{AC100708-81FC-44FC-A86C-EA2DA1422C82}.Debug|Any CPU.ActiveCfg = Debug|Any CPU
		{AC100708-81FC-44FC-A86C-EA2DA1422C82}.Debug|Any CPU.Build.0 = Debug|Any CPU
		{AC100708-81FC-44FC-A86C-EA2DA1422C82}.Debug|iPhone.ActiveCfg = Debug|Any CPU
		{AC100708-81FC-44FC-A86C-EA2DA1422C82}.Debug|iPhone.Build.0 = Debug|Any CPU
		{AC100708-81FC-44FC-A86C-EA2DA1422C82}.Debug|iPhoneSimulator.ActiveCfg = Debug|Any CPU
		{AC100708-81FC-44FC-A86C-EA2DA1422C82}.Debug|iPhoneSimulator.Build.0 = Debug|Any CPU
		{AC100708-81FC-44FC-A86C-EA2DA1422C82}.Release|Any CPU.ActiveCfg = Release|Any CPU
		{AC100708-81FC-44FC-A86C-EA2DA1422C82}.Release|Any CPU.Build.0 = Release|Any CPU
		{AC100708-81FC-44FC-A86C-EA2DA1422C82}.Release|iPhone.ActiveCfg = Release|Any CPU
		{AC100708-81FC-44FC-A86C-EA2DA1422C82}.Release|iPhone.Build.0 = Release|Any CPU
		{AC100708-81FC-44FC-A86C-EA2DA1422C82}.Release|iPhoneSimulator.ActiveCfg = Release|Any CPU
		{AC100708-81FC-44FC-A86C-EA2DA1422C82}.Release|iPhoneSimulator.Build.0 = Release|Any CPU
		{0FC73D29-12A1-4633-9FD4-546B3632BF5A}.Debug|Any CPU.ActiveCfg = Debug|Any CPU
		{0FC73D29-12A1-4633-9FD4-546B3632BF5A}.Debug|Any CPU.Build.0 = Debug|Any CPU
		{0FC73D29-12A1-4633-9FD4-546B3632BF5A}.Debug|iPhone.ActiveCfg = Debug|Any CPU
		{0FC73D29-12A1-4633-9FD4-546B3632BF5A}.Debug|iPhone.Build.0 = Debug|Any CPU
		{0FC73D29-12A1-4633-9FD4-546B3632BF5A}.Debug|iPhoneSimulator.ActiveCfg = Debug|Any CPU
		{0FC73D29-12A1-4633-9FD4-546B3632BF5A}.Debug|iPhoneSimulator.Build.0 = Debug|Any CPU
		{0FC73D29-12A1-4633-9FD4-546B3632BF5A}.Release|Any CPU.ActiveCfg = Release|Any CPU
		{0FC73D29-12A1-4633-9FD4-546B3632BF5A}.Release|Any CPU.Build.0 = Release|Any CPU
		{0FC73D29-12A1-4633-9FD4-546B3632BF5A}.Release|iPhone.ActiveCfg = Release|Any CPU
		{0FC73D29-12A1-4633-9FD4-546B3632BF5A}.Release|iPhone.Build.0 = Release|Any CPU
		{0FC73D29-12A1-4633-9FD4-546B3632BF5A}.Release|iPhoneSimulator.ActiveCfg = Release|Any CPU
		{0FC73D29-12A1-4633-9FD4-546B3632BF5A}.Release|iPhoneSimulator.Build.0 = Release|Any CPU
		{10A71C6E-628A-4B4D-8334-4210C43C2B4D}.Debug|Any CPU.ActiveCfg = Debug|Any CPU
		{10A71C6E-628A-4B4D-8334-4210C43C2B4D}.Debug|Any CPU.Build.0 = Debug|Any CPU
		{10A71C6E-628A-4B4D-8334-4210C43C2B4D}.Debug|iPhone.ActiveCfg = Debug|Any CPU
		{10A71C6E-628A-4B4D-8334-4210C43C2B4D}.Debug|iPhone.Build.0 = Debug|Any CPU
		{10A71C6E-628A-4B4D-8334-4210C43C2B4D}.Debug|iPhoneSimulator.ActiveCfg = Debug|Any CPU
		{10A71C6E-628A-4B4D-8334-4210C43C2B4D}.Debug|iPhoneSimulator.Build.0 = Debug|Any CPU
		{10A71C6E-628A-4B4D-8334-4210C43C2B4D}.Release|Any CPU.ActiveCfg = Release|Any CPU
		{10A71C6E-628A-4B4D-8334-4210C43C2B4D}.Release|Any CPU.Build.0 = Release|Any CPU
		{10A71C6E-628A-4B4D-8334-4210C43C2B4D}.Release|iPhone.ActiveCfg = Release|Any CPU
		{10A71C6E-628A-4B4D-8334-4210C43C2B4D}.Release|iPhone.Build.0 = Release|Any CPU
		{10A71C6E-628A-4B4D-8334-4210C43C2B4D}.Release|iPhoneSimulator.ActiveCfg = Release|Any CPU
		{10A71C6E-628A-4B4D-8334-4210C43C2B4D}.Release|iPhoneSimulator.Build.0 = Release|Any CPU
	EndGlobalSection
	GlobalSection(SolutionProperties) = preSolution
		HideSolutionNode = FALSE
	EndGlobalSection
	GlobalSection(NestedProjects) = preSolution
		{2174A629-407A-4C77-A88D-A7F3C71E1064} = {A8F3ED82-3EA2-4E6F-B6EB-AEE99BBFECDD}
		{14272049-301D-4FAC-AA73-1D7B53957AFA} = {E91C4E60-FE85-49C4-BC7D-91D70432B894}
		{42DE57C7-30A6-4A47-B8F0-A756F9D027F3} = {C4F45A78-86D2-44F6-A375-71DA0099D612}
		{7CC99B38-F36C-41C5-9DB2-75CCE8B14EB0} = {F7194FFD-5FAC-473D-9DAE-E68397F07732}
		{505ACA87-B72A-4CF2-907F-E46EAF6A1C47} = {F7194FFD-5FAC-473D-9DAE-E68397F07732}
		{AC100708-81FC-44FC-A86C-EA2DA1422C82} = {F7194FFD-5FAC-473D-9DAE-E68397F07732}
		{0FC73D29-12A1-4633-9FD4-546B3632BF5A} = {A8F3ED82-3EA2-4E6F-B6EB-AEE99BBFECDD}
		{10A71C6E-628A-4B4D-8334-4210C43C2B4D} = {C4F45A78-86D2-44F6-A375-71DA0099D612}
	EndGlobalSection
	GlobalSection(ExtensibilityGlobals) = postSolution
		SolutionGuid = {2C00BDEA-A81E-4B17-B057-F8F9A9F45377}
	EndGlobalSection
EndGlobal
